dependencies:
  espressif/esp_modem:
    component_hash: 4ff1ac4d1aa2480d7920fbc839e634c2ac4827553e6c2cd62a960a77d26e4261
    dependencies:
    - name: idf
      require: private
      version: '>=4.1'
    source:
      registry_url: https://components.espressif.com/
      type: service
    version: 0.1.26
  idf:
    source:
      type: idf
    version: 5.4.1
direct_dependencies:
- espressif/esp_modem
- idf
manifest_hash: 0c872507463a94ddaa60d300cea6d3bc6d3f0606bfe61c442330d436ff54f3db
target: esp32
version: 2.0.0
